
Microsoft Visual Studio Solution File, Format Version 12.00
# Visual Studio Version 16
VisualStudioVersion = 16.0.36631.11
MinimumVisualStudioVersion = 10.0.40219.1
Project("{FAE04EC0-301F-11D3-BF4B-00C04F79EFBC}") = "A Home Movie Service", "A Home Movie Service\A Home Movie Service.csproj", "{5F882AD1-80D0-4311-8403-5E1DAAAA9799}"
EndProject
Global
	GlobalSection(SolutionConfigurationPlatforms) = preSolution
		Debug|Any CPU = Debug|Any CPU
		Release|Any CPU = Release|Any CPU
	EndGlobalSection
	GlobalSection(ProjectConfigurationPlatforms) = postSolution
		{5F882AD1-80D0-4311-8403-5E1DAAAA9799}.Debug|Any CPU.ActiveCfg = Debug|Any CPU
		{5F882AD1-80D0-4311-8403-5E1DAAAA9799}.Debug|Any CPU.Build.0 = Debug|Any CPU
		{5F882AD1-80D0-4311-8403-5E1DAAAA9799}.Release|Any CPU.ActiveCfg = Release|Any CPU
		{5F882AD1-80D0-4311-8403-5E1DAAAA9799}.Release|Any CPU.Build.0 = Release|Any CPU
	EndGlobalSection
	GlobalSection(SolutionProperties) = preSolution
		HideSolutionNode = FALSE
	EndGlobalSection
	GlobalSection(ExtensibilityGlobals) = postSolution
		SolutionGuid = {51FE30BC-E445-4AA8-B69E-9345D09D01EC}
	EndGlobalSection
EndGlobal
