
Microsoft Visual Studio Solution File, Format Version 12.00
# Visual Studio Version 16
VisualStudioVersion = 16.0.36631.11
MinimumVisualStudioVersion = 10.0.40219.1
Project("{FAE04EC0-301F-11D3-BF4B-00C04F79EFBC}") = "midQuestion3practice", "midQuestion3practice\midQuestion3practice.csproj", "{81120ED8-2923-4B81-B785-1F9A29EC160E}"
EndProject
Global
	GlobalSection(SolutionConfigurationPlatforms) = preSolution
		Debug|Any CPU = Debug|Any CPU
		Release|Any CPU = Release|Any CPU
	EndGlobalSection
	GlobalSection(ProjectConfigurationPlatforms) = postSolution
		{81120ED8-2923-4B81-B785-1F9A29EC160E}.Debug|Any CPU.ActiveCfg = Debug|Any CPU
		{81120ED8-2923-4B81-B785-1F9A29EC160E}.Debug|Any CPU.Build.0 = Debug|Any CPU
		{81120ED8-2923-4B81-B785-1F9A29EC160E}.Release|Any CPU.ActiveCfg = Release|Any CPU
		{81120ED8-2923-4B81-B785-1F9A29EC160E}.Release|Any CPU.Build.0 = Release|Any CPU
	EndGlobalSection
	GlobalSection(SolutionProperties) = preSolution
		HideSolutionNode = FALSE
	EndGlobalSection
	GlobalSection(ExtensibilityGlobals) = postSolution
		SolutionGuid = {446FB9C3-8515-41A6-A3A8-03EDFFCCEC89}
	EndGlobalSection
EndGlobal
