
Microsoft Visual Studio Solution File, Format Version 12.00
# Visual Studio Version 16
VisualStudioVersion = 16.0.36631.11
MinimumVisualStudioVersion = 10.0.40219.1
Project("{FAE04EC0-301F-11D3-BF4B-00C04F79EFBC}") = "InterfaceIndastyLabel", "InterfaceIndastyLabel\InterfaceIndastyLabel.csproj", "{A99A7C51-BECB-41CA-BA61-EEE8BD69CA24}"
EndProject
Global
	GlobalSection(SolutionConfigurationPlatforms) = preSolution
		Debug|Any CPU = Debug|Any CPU
		Release|Any CPU = Release|Any CPU
	EndGlobalSection
	GlobalSection(ProjectConfigurationPlatforms) = postSolution
		{A99A7C51-BECB-41CA-BA61-EEE8BD69CA24}.Debug|Any CPU.ActiveCfg = Debug|Any CPU
		{A99A7C51-BECB-41CA-BA61-EEE8BD69CA24}.Debug|Any CPU.Build.0 = Debug|Any CPU
		{A99A7C51-BECB-41CA-BA61-EEE8BD69CA24}.Release|Any CPU.ActiveCfg = Release|Any CPU
		{A99A7C51-BECB-41CA-BA61-EEE8BD69CA24}.Release|Any CPU.Build.0 = Release|Any CPU
	EndGlobalSection
	GlobalSection(SolutionProperties) = preSolution
		HideSolutionNode = FALSE
	EndGlobalSection
	GlobalSection(ExtensibilityGlobals) = postSolution
		SolutionGuid = {4BE68F90-73FB-4773-B299-C36F44C1D606}
	EndGlobalSection
EndGlobal
