
Microsoft Visual Studio Solution File, Format Version 12.00
# Visual Studio Version 16
VisualStudioVersion = 16.0.36631.11
MinimumVisualStudioVersion = 10.0.40219.1
Project("{FAE04EC0-301F-11D3-BF4B-00C04F79EFBC}") = "Interface", "Interface\Interface.csproj", "{B8DF54F4-2E41-4F44-A385-672B57B9AC4F}"
EndProject
Global
	GlobalSection(SolutionConfigurationPlatforms) = preSolution
		Debug|Any CPU = Debug|Any CPU
		Release|Any CPU = Release|Any CPU
	EndGlobalSection
	GlobalSection(ProjectConfigurationPlatforms) = postSolution
		{B8DF54F4-2E41-4F44-A385-672B57B9AC4F}.Debug|Any CPU.ActiveCfg = Debug|Any CPU
		{B8DF54F4-2E41-4F44-A385-672B57B9AC4F}.Debug|Any CPU.Build.0 = Debug|Any CPU
		{B8DF54F4-2E41-4F44-A385-672B57B9AC4F}.Release|Any CPU.ActiveCfg = Release|Any CPU
		{B8DF54F4-2E41-4F44-A385-672B57B9AC4F}.Release|Any CPU.Build.0 = Release|Any CPU
	EndGlobalSection
	GlobalSection(SolutionProperties) = preSolution
		HideSolutionNode = FALSE
	EndGlobalSection
	GlobalSection(ExtensibilityGlobals) = postSolution
		SolutionGuid = {6D10CAFD-7B04-434A-A73A-926AB7E11761}
	EndGlobalSection
EndGlobal
