
Microsoft Visual Studio Solution File, Format Version 12.00
# Visual Studio Version 16
VisualStudioVersion = 16.0.36631.11
MinimumVisualStudioVersion = 10.0.40219.1
Project("{FAE04EC0-301F-11D3-BF4B-00C04F79EFBC}") = "WindowsFormsApp1", "WindowsFormsApp1\WindowsFormsApp1.csproj", "{2F75B5F0-45DF-4260-B7B9-7438D75FE3F6}"
EndProject
Global
	GlobalSection(SolutionConfigurationPlatforms) = preSolution
		Debug|Any CPU = Debug|Any CPU
		Release|Any CPU = Release|Any CPU
	EndGlobalSection
	GlobalSection(ProjectConfigurationPlatforms) = postSolution
		{2F75B5F0-45DF-4260-B7B9-7438D75FE3F6}.Debug|Any CPU.ActiveCfg = Debug|Any CPU
		{2F75B5F0-45DF-4260-B7B9-7438D75FE3F6}.Debug|Any CPU.Build.0 = Debug|Any CPU
		{2F75B5F0-45DF-4260-B7B9-7438D75FE3F6}.Release|Any CPU.ActiveCfg = Release|Any CPU
		{2F75B5F0-45DF-4260-B7B9-7438D75FE3F6}.Release|Any CPU.Build.0 = Release|Any CPU
	EndGlobalSection
	GlobalSection(SolutionProperties) = preSolution
		HideSolutionNode = FALSE
	EndGlobalSection
	GlobalSection(ExtensibilityGlobals) = postSolution
		SolutionGuid = {CF40DAC2-5CBA-43AF-AF3D-4EF308C23C12}
	EndGlobalSection
EndGlobal
