
Microsoft Visual Studio Solution File, Format Version 12.00
# Visual Studio Version 16
VisualStudioVersion = 16.0.36631.11
MinimumVisualStudioVersion = 10.0.40219.1
Project("{FAE04EC0-301F-11D3-BF4B-00C04F79EFBC}") = "Polymorphism1", "Polymorphism1\Polymorphism1.csproj", "{CF5929EA-7E70-43D3-8193-CB5761CF2EDF}"
EndProject
Global
	GlobalSection(SolutionConfigurationPlatforms) = preSolution
		Debug|Any CPU = Debug|Any CPU
		Release|Any CPU = Release|Any CPU
	EndGlobalSection
	GlobalSection(ProjectConfigurationPlatforms) = postSolution
		{CF5929EA-7E70-43D3-8193-CB5761CF2EDF}.Debug|Any CPU.ActiveCfg = Debug|Any CPU
		{CF5929EA-7E70-43D3-8193-CB5761CF2EDF}.Debug|Any CPU.Build.0 = Debug|Any CPU
		{CF5929EA-7E70-43D3-8193-CB5761CF2EDF}.Release|Any CPU.ActiveCfg = Release|Any CPU
		{CF5929EA-7E70-43D3-8193-CB5761CF2EDF}.Release|Any CPU.Build.0 = Release|Any CPU
	EndGlobalSection
	GlobalSection(SolutionProperties) = preSolution
		HideSolutionNode = FALSE
	EndGlobalSection
	GlobalSection(ExtensibilityGlobals) = postSolution
		SolutionGuid = {608A1E14-DA09-48B2-8E10-17119E7990A7}
	EndGlobalSection
EndGlobal
